
Microsoft Visual Studio Solution File, Format Version 12.00
# Visual Studio Version 16
VisualStudioVersion = 16.0.30523.141
MinimumVisualStudioVersion = 10.0.40219.1
Project("{8BC9CEB8-8B4A-11D0-8D11-00A0C91BC942}") = "Selection Sort", "Selection Sort\Selection Sort.vcxproj", "{2D301224-FFBD-433E-9046-F86FE7673268}"
EndProject
Global
	GlobalSection(SolutionConfigurationPlatforms) = preSolution
		Debug|x64 = Debug|x64
		Debug|x86 = Debug|x86
		Release|x64 = Release|x64
		Release|x86 = Release|x86
	EndGlobalSection
	GlobalSection(ProjectConfigurationPlatforms) = postSolution
		{2D301224-FFBD-433E-9046-F86FE7673268}.Debug|x64.ActiveCfg = Debug|x64
		{2D301224-FFBD-433E-9046-F86FE7673268}.Debug|x64.Build.0 = Debug|x64
		{2D301224-FFBD-433E-9046-F86FE7673268}.Debug|x86.ActiveCfg = Debug|Win32
		{2D301224-FFBD-433E-9046-F86FE7673268}.Debug|x86.Build.0 = Debug|Win32
		{2D301224-FFBD-433E-9046-F86FE7673268}.Release|x64.ActiveCfg = Release|x64
		{2D301224-FFBD-433E-9046-F86FE7673268}.Release|x64.Build.0 = Release|x64
		{2D301224-FFBD-433E-9046-F86FE7673268}.Release|x86.ActiveCfg = Release|Win32
		{2D301224-FFBD-433E-9046-F86FE7673268}.Release|x86.Build.0 = Release|Win32
	EndGlobalSection
	GlobalSection(SolutionProperties) = preSolution
		HideSolutionNode = FALSE
	EndGlobalSection
	GlobalSection(ExtensibilityGlobals) = postSolution
		SolutionGuid = {3BA0A13F-9C76-4ECB-962D-93480A91AB4D}
	EndGlobalSection
EndGlobal
